
Microsoft Visual Studio Solution File, Format Version 12.00
# Visual Studio Version 16
VisualStudioVersion = 16.0.30002.166
MinimumVisualStudioVersion = 10.0.40219.1
Project("{9A19103F-16F7-4668-BE54-9A1E7A4F7556}") = "Web", "Web\Web.csproj", "{DE2B8270-06BD-4259-BB2B-27D4B6E00F59}"
EndProject
Project("{9A19103F-16F7-4668-BE54-9A1E7A4F7556}") = "Application", "Application\Application.csproj", "{B8EA10A9-ED9B-4894-B070-917F13D64FED}"
EndProject
Project("{9A19103F-16F7-4668-BE54-9A1E7A4F7556}") = "Domain", "Domain\Domain.csproj", "{493D12CA-E258-4EC8-9ED5-94E009F90119}"
EndProject
Project("{9A19103F-16F7-4668-BE54-9A1E7A4F7556}") = "Infrastructure", "Infrastructure\Infrastructure.csproj", "{04A960CE-4446-48FF-982A-1EDEA04563FA}"
EndProject
Project("{2150E333-8FDC-42A3-9474-1A3956D46DE8}") = "Tests", "Tests", "{03123254-78B7-43AE-8111-116A2BD89383}"
EndProject
Project("{2150E333-8FDC-42A3-9474-1A3956D46DE8}") = "Src", "Src", "{DC41529D-8FEE-48D3-B729-CB5CD7E80DD2}"
EndProject
Project("{9A19103F-16F7-4668-BE54-9A1E7A4F7556}") = "Search", "Search\Search.csproj", "{D402AF67-7F8F-4179-8544-D32D0C379BE9}"
EndProject
Project("{FAE04EC0-301F-11D3-BF4B-00C04F79EFBC}") = "Application.Test", "Application.Test\Application.Test.csproj", "{434E150A-158A-461E-A077-DE12DA136CBF}"
EndProject
Project("{FAE04EC0-301F-11D3-BF4B-00C04F79EFBC}") = "BankMoneyLaunderer", "BankMoneyLaunderer\BankMoneyLaunderer.csproj", "{3347DD67-0079-4029-AFA8-6F5FF2A91A55}"
EndProject
Project("{FAE04EC0-301F-11D3-BF4B-00C04F79EFBC}") = "BankMoneyLaunderer.Tests", "BankMoneyLaunderer.Tests\BankMoneyLaunderer.Tests.csproj", "{66166A23-6396-4455-A06A-C63B450FA584}"
EndProject
Global
	GlobalSection(SolutionConfigurationPlatforms) = preSolution
		Debug|Any CPU = Debug|Any CPU
		Release|Any CPU = Release|Any CPU
	EndGlobalSection
	GlobalSection(ProjectConfigurationPlatforms) = postSolution
		{DE2B8270-06BD-4259-BB2B-27D4B6E00F59}.Debug|Any CPU.ActiveCfg = Debug|Any CPU
		{DE2B8270-06BD-4259-BB2B-27D4B6E00F59}.Debug|Any CPU.Build.0 = Debug|Any CPU
		{DE2B8270-06BD-4259-BB2B-27D4B6E00F59}.Release|Any CPU.ActiveCfg = Release|Any CPU
		{DE2B8270-06BD-4259-BB2B-27D4B6E00F59}.Release|Any CPU.Build.0 = Release|Any CPU
		{B8EA10A9-ED9B-4894-B070-917F13D64FED}.Debug|Any CPU.ActiveCfg = Debug|Any CPU
		{B8EA10A9-ED9B-4894-B070-917F13D64FED}.Debug|Any CPU.Build.0 = Debug|Any CPU
		{B8EA10A9-ED9B-4894-B070-917F13D64FED}.Release|Any CPU.ActiveCfg = Release|Any CPU
		{B8EA10A9-ED9B-4894-B070-917F13D64FED}.Release|Any CPU.Build.0 = Release|Any CPU
		{493D12CA-E258-4EC8-9ED5-94E009F90119}.Debug|Any CPU.ActiveCfg = Debug|Any CPU
		{493D12CA-E258-4EC8-9ED5-94E009F90119}.Debug|Any CPU.Build.0 = Debug|Any CPU
		{493D12CA-E258-4EC8-9ED5-94E009F90119}.Release|Any CPU.ActiveCfg = Release|Any CPU
		{493D12CA-E258-4EC8-9ED5-94E009F90119}.Release|Any CPU.Build.0 = Release|Any CPU
		{04A960CE-4446-48FF-982A-1EDEA04563FA}.Debug|Any CPU.ActiveCfg = Debug|Any CPU
		{04A960CE-4446-48FF-982A-1EDEA04563FA}.Debug|Any CPU.Build.0 = Debug|Any CPU
		{04A960CE-4446-48FF-982A-1EDEA04563FA}.Release|Any CPU.ActiveCfg = Release|Any CPU
		{04A960CE-4446-48FF-982A-1EDEA04563FA}.Release|Any CPU.Build.0 = Release|Any CPU
		{D402AF67-7F8F-4179-8544-D32D0C379BE9}.Debug|Any CPU.ActiveCfg = Debug|Any CPU
		{D402AF67-7F8F-4179-8544-D32D0C379BE9}.Debug|Any CPU.Build.0 = Debug|Any CPU
		{D402AF67-7F8F-4179-8544-D32D0C379BE9}.Release|Any CPU.ActiveCfg = Release|Any CPU
		{D402AF67-7F8F-4179-8544-D32D0C379BE9}.Release|Any CPU.Build.0 = Release|Any CPU
		{434E150A-158A-461E-A077-DE12DA136CBF}.Debug|Any CPU.ActiveCfg = Debug|Any CPU
		{434E150A-158A-461E-A077-DE12DA136CBF}.Debug|Any CPU.Build.0 = Debug|Any CPU
		{434E150A-158A-461E-A077-DE12DA136CBF}.Release|Any CPU.ActiveCfg = Release|Any CPU
		{434E150A-158A-461E-A077-DE12DA136CBF}.Release|Any CPU.Build.0 = Release|Any CPU
		{3347DD67-0079-4029-AFA8-6F5FF2A91A55}.Debug|Any CPU.ActiveCfg = Debug|Any CPU
		{3347DD67-0079-4029-AFA8-6F5FF2A91A55}.Debug|Any CPU.Build.0 = Debug|Any CPU
		{3347DD67-0079-4029-AFA8-6F5FF2A91A55}.Release|Any CPU.ActiveCfg = Release|Any CPU
		{3347DD67-0079-4029-AFA8-6F5FF2A91A55}.Release|Any CPU.Build.0 = Release|Any CPU
		{66166A23-6396-4455-A06A-C63B450FA584}.Debug|Any CPU.ActiveCfg = Debug|Any CPU
		{66166A23-6396-4455-A06A-C63B450FA584}.Debug|Any CPU.Build.0 = Debug|Any CPU
		{66166A23-6396-4455-A06A-C63B450FA584}.Release|Any CPU.ActiveCfg = Release|Any CPU
		{66166A23-6396-4455-A06A-C63B450FA584}.Release|Any CPU.Build.0 = Release|Any CPU
	EndGlobalSection
	GlobalSection(SolutionProperties) = preSolution
		HideSolutionNode = FALSE
	EndGlobalSection
	GlobalSection(NestedProjects) = preSolution
		{DE2B8270-06BD-4259-BB2B-27D4B6E00F59} = {DC41529D-8FEE-48D3-B729-CB5CD7E80DD2}
		{B8EA10A9-ED9B-4894-B070-917F13D64FED} = {DC41529D-8FEE-48D3-B729-CB5CD7E80DD2}
		{493D12CA-E258-4EC8-9ED5-94E009F90119} = {DC41529D-8FEE-48D3-B729-CB5CD7E80DD2}
		{04A960CE-4446-48FF-982A-1EDEA04563FA} = {DC41529D-8FEE-48D3-B729-CB5CD7E80DD2}
		{D402AF67-7F8F-4179-8544-D32D0C379BE9} = {DC41529D-8FEE-48D3-B729-CB5CD7E80DD2}
		{434E150A-158A-461E-A077-DE12DA136CBF} = {03123254-78B7-43AE-8111-116A2BD89383}
		{3347DD67-0079-4029-AFA8-6F5FF2A91A55} = {DC41529D-8FEE-48D3-B729-CB5CD7E80DD2}
		{66166A23-6396-4455-A06A-C63B450FA584} = {03123254-78B7-43AE-8111-116A2BD89383}
	EndGlobalSection
	GlobalSection(ExtensibilityGlobals) = postSolution
		SolutionGuid = {8B825467-8536-4B3B-8145-27385C4C8D26}
	EndGlobalSection
EndGlobal
